// !$*UTF8*$!
{
	archiveVersion = 1;
	classes = {
	};
	objectVersion = 48;
	objects = {

/* Begin PBXBuildFile section */
		7CE61B2C1F843DED00FBC6C7 /* AppDelegate.swift in Sources */ = {isa = PBXBuildFile; fileRef = 7CE61B2B1F843DED00FBC6C7 /* AppDelegate.swift */; };
		7CE61B2E1F843DED00FBC6C7 /* ViewController.swift in Sources */ = {isa = PBXBuildFile; fileRef = 7CE61B2D1F843DED00FBC6C7 /* ViewController.swift */; };
		7CE61B311F843DED00FBC6C7 /* Main.storyboard in Resources */ = {isa = PBXBuildFile; fileRef = 7CE61B2F1F843DED00FBC6C7 /* Main.storyboard */; };
		7CE61B331F843DED00FBC6C7 /* Assets.xcassets in Resources */ = {isa = PBXBuildFile; fileRef = 7CE61B321F843DED00FBC6C7 /* Assets.xcassets */; };
		7CE61B361F843DED00FBC6C7 /* LaunchScreen.storyboard in Resources */ = {isa = PBXBuildFile; fileRef = 7CE61B341F843DED00FBC6C7 /* LaunchScreen.storyboard */; };
		7CE61B3E1F84435700FBC6C7 /* FABViewController.swift in Sources */ = {isa = PBXBuildFile; fileRef = 7CE61B3D1F84435700FBC6C7 /* FABViewController.swift */; };
		F18C097ACDFB1BC57EB0E830 /* Pods_PassThroughWindow.framework in Frameworks */ = {isa = PBXBuildFile; fileRef = 39C91D06F8D0A88394A6A0B8 /* Pods_PassThroughWindow.framework */; };
/* End PBXBuildFile section */

/* Begin PBXFileReference section */
		305C219060E3753DAC2CF88C /* Pods-PassThroughWindow.debug.xcconfig */ = {isa = PBXFileReference; includeInIndex = 1; lastKnownFileType = text.xcconfig; name = "Pods-PassThroughWindow.debug.xcconfig"; path = "Pods/Target Support Files/Pods-PassThroughWindow/Pods-PassThroughWindow.debug.xcconfig"; sourceTree = "<group>"; };
		39C91D06F8D0A88394A6A0B8 /* Pods_PassThroughWindow.framework */ = {isa = PBXFileReference; explicitFileType = wrapper.framework; includeInIndex = 0; path = Pods_PassThroughWindow.framework; sourceTree = BUILT_PRODUCTS_DIR; };
		54089A0DE7361F0EB0D10ED4 /* Pods-PassThroughWindow.release.xcconfig */ = {isa = PBXFileReference; includeInIndex = 1; lastKnownFileType = text.xcconfig; name = "Pods-PassThroughWindow.release.xcconfig"; path = "Pods/Target Support Files/Pods-PassThroughWindow/Pods-PassThroughWindow.release.xcconfig"; sourceTree = "<group>"; };
		7CE61B281F843DED00FBC6C7 /* PassThroughWindow.app */ = {isa = PBXFileReference; explicitFileType = wrapper.application; includeInIndex = 0; path = PassThroughWindow.app; sourceTree = BUILT_PRODUCTS_DIR; };
		7CE61B2B1F843DED00FBC6C7 /* AppDelegate.swift */ = {isa = PBXFileReference; lastKnownFileType = sourcecode.swift; path = AppDelegate.swift; sourceTree = "<group>"; };
		7CE61B2D1F843DED00FBC6C7 /* ViewController.swift */ = {isa = PBXFileReference; lastKnownFileType = sourcecode.swift; path = ViewController.swift; sourceTree = "<group>"; };
		7CE61B301F843DED00FBC6C7 /* Base */ = {isa = PBXFileReference; lastKnownFileType = file.storyboard; name = Base; path = Base.lproj/Main.storyboard; sourceTree = "<group>"; };
		7CE61B321F843DED00FBC6C7 /* Assets.xcassets */ = {isa = PBXFileReference; lastKnownFileType = folder.assetcatalog; path = Assets.xcassets; sourceTree = "<group>"; };
		7CE61B351F843DED00FBC6C7 /* Base */ = {isa = PBXFileReference; lastKnownFileType = file.storyboard; name = Base; path = Base.lproj/LaunchScreen.storyboard; sourceTree = "<group>"; };
		7CE61B371F843DED00FBC6C7 /* Info.plist */ = {isa = PBXFileReference; lastKnownFileType = text.plist.xml; path = Info.plist; sourceTree = "<group>"; };
		7CE61B3D1F84435700FBC6C7 /* FABViewController.swift */ = {isa = PBXFileReference; lastKnownFileType = sourcecode.swift; path = FABViewController.swift; sourceTree = "<group>"; };
/* End PBXFileReference section */

/* Begin PBXFrameworksBuildPhase section */
		7CE61B251F843DED00FBC6C7 /* Frameworks */ = {
			isa = PBXFrameworksBuildPhase;
			buildActionMask = 2147483647;
			files = (
				F18C097ACDFB1BC57EB0E830 /* Pods_PassThroughWindow.framework in Frameworks */,
			);
			runOnlyForDeploymentPostprocessing = 0;
		};
/* End PBXFrameworksBuildPhase section */

/* Begin PBXGroup section */
		7CE61B1F1F843DED00FBC6C7 = {
			isa = PBXGroup;
			children = (
				7CE61B2A1F843DED00FBC6C7 /* PassThroughWindow */,
				7CE61B291F843DED00FBC6C7 /* Products */,
				8E77E0FDFA79EA6F9326A196 /* Pods */,
				D3BCC5CFC1D315CBFEBA5F86 /* Frameworks */,
			);
			sourceTree = "<group>";
		};
		7CE61B291F843DED00FBC6C7 /* Products */ = {
			isa = PBXGroup;
			children = (
				7CE61B281F843DED00FBC6C7 /* PassThroughWindow.app */,
			);
			name = Products;
			sourceTree = "<group>";
		};
		7CE61B2A1F843DED00FBC6C7 /* PassThroughWindow */ = {
			isa = PBXGroup;
			children = (
				7CE61B2B1F843DED00FBC6C7 /* AppDelegate.swift */,
				7CE61B2D1F843DED00FBC6C7 /* ViewController.swift */,
				7CE61B3D1F84435700FBC6C7 /* FABViewController.swift */,
				7CE61B2F1F843DED00FBC6C7 /* Main.storyboard */,
				7CE61B321F843DED00FBC6C7 /* Assets.xcassets */,
				7CE61B341F843DED00FBC6C7 /* LaunchScreen.storyboard */,
				7CE61B371F843DED00FBC6C7 /* Info.plist */,
			);
			path = PassThroughWindow;
			sourceTree = "<group>";
		};
		8E77E0FDFA79EA6F9326A196 /* Pods */ = {
			isa = PBXGroup;
			children = (
				305C219060E3753DAC2CF88C /* Pods-PassThroughWindow.debug.xcconfig */,
				54089A0DE7361F0EB0D10ED4 /* Pods-PassThroughWindow.release.xcconfig */,
			);
			name = Pods;
			sourceTree = "<group>";
		};
		D3BCC5CFC1D315CBFEBA5F86 /* Frameworks */ = {
			isa = PBXGroup;
			children = (
				39C91D06F8D0A88394A6A0B8 /* Pods_PassThroughWindow.framework */,
			);
			name = Frameworks;
			sourceTree = "<group>";
		};
/* End PBXGroup section */

/* Begin PBXNativeTarget section */
		7CE61B271F843DED00FBC6C7 /* PassThroughWindow */ = {
			isa = PBXNativeTarget;
			buildConfigurationList = 7CE61B3A1F843DED00FBC6C7 /* Build configuration list for PBXNativeTarget "PassThroughWindow" */;
			buildPhases = (
				57DFE1F4DE22DE2C513A1AC0 /* [CP] Check Pods Manifest.lock */,
				7CE61B241F843DED00FBC6C7 /* Sources */,
				7CE61B251F843DED00FBC6C7 /* Frameworks */,
				7CE61B261F843DED00FBC6C7 /* Resources */,
				36890F7C0A4A9B90D9762591 /* [CP] Embed Pods Frameworks */,
				9CF0C751DEE3EDEF12140B99 /* [CP] Copy Pods Resources */,
			);
			buildRules = (
			);
			dependencies = (
			);
			name = PassThroughWindow;
			productName = PassThroughWindow;
			productReference = 7CE61B281F843DED00FBC6C7 /* PassThroughWindow.app */;
			productType = "com.apple.product-type.application";
		};
/* End PBXNativeTarget section */

/* Begin PBXProject section */
		7CE61B201F843DED00FBC6C7 /* Project object */ = {
			isa = PBXProject;
			attributes = {
				LastSwiftUpdateCheck = 0900;
				LastUpgradeCheck = 0900;
				ORGANIZATIONNAME = Siavash;
				TargetAttributes = {
					7CE61B271F843DED00FBC6C7 = {
						CreatedOnToolsVersion = 9.0;
						ProvisioningStyle = Automatic;
					};
				};
			};
			buildConfigurationList = 7CE61B231F843DED00FBC6C7 /* Build configuration list for PBXProject "PassThroughWindow" */;
			compatibilityVersion = "Xcode 8.0";
			developmentRegion = en;
			hasScannedForEncodings = 0;
			knownRegions = (
				en,
				Base,
			);
			mainGroup = 7CE61B1F1F843DED00FBC6C7;
			productRefGroup = 7CE61B291F843DED00FBC6C7 /* Products */;
			projectDirPath = "";
			projectRoot = "";
			targets = (
				7CE61B271F843DED00FBC6C7 /* PassThroughWindow */,
			);
		};
/* End PBXProject section */

/* Begin PBXResourcesBuildPhase section */
		7CE61B261F843DED00FBC6C7 /* Resources */ = {
			isa = PBXResourcesBuildPhase;
			buildActionMask = 2147483647;
			files = (
				7CE61B361F843DED00FBC6C7 /* LaunchScreen.storyboard in Resources */,
				7CE61B331F843DED00FBC6C7 /* Assets.xcassets in Resources */,
				7CE61B311F843DED00FBC6C7 /* Main.storyboard in Resources */,
			);
			runOnlyForDeploymentPostprocessing = 0;
		};
/* End PBXResourcesBuildPhase section */

/* Begin PBXShellScriptBuildPhase section */
		36890F7C0A4A9B90D9762591 /* [CP] Embed Pods Frameworks */ = {
			isa = PBXShellScriptBuildPhase;
			buildActionMask = 2147483647;
			files = (
			);
			inputPaths = (
				"${SRCROOT}/Pods/Target Support Files/Pods-PassThroughWindow/Pods-PassThroughWindow-frameworks.sh",
				"${BUILT_PRODUCTS_DIR}/SnapKit/SnapKit.framework",
			);
			name = "[CP] Embed Pods Frameworks";
			outputPaths = (
				"${TARGET_BUILD_DIR}/${FRAMEWORKS_FOLDER_PATH}/SnapKit.framework",
			);
			runOnlyForDeploymentPostprocessing = 0;
			shellPath = /bin/sh;
			shellScript = "\"${SRCROOT}/Pods/Target Support Files/Pods-PassThroughWindow/Pods-PassThroughWindow-frameworks.sh\"\n";
			showEnvVarsInLog = 0;
		};
		57DFE1F4DE22DE2C513A1AC0 /* [CP] Check Pods Manifest.lock */ = {
			isa = PBXShellScriptBuildPhase;
			buildActionMask = 2147483647;
			files = (
			);
			inputPaths = (
				"${PODS_PODFILE_DIR_PATH}/Podfile.lock",
				"${PODS_ROOT}/Manifest.lock",
			);
			name = "[CP] Check Pods Manifest.lock";
			outputPaths = (
				"$(DERIVED_FILE_DIR)/Pods-PassThroughWindow-checkManifestLockResult.txt",
			);
			runOnlyForDeploymentPostprocessing = 0;
			shellPath = /bin/sh;
			shellScript = "diff \"${PODS_PODFILE_DIR_PATH}/Podfile.lock\" \"${PODS_ROOT}/Manifest.lock\" > /dev/null\nif [ $? != 0 ] ; then\n    # print error to STDERR\n    echo \"error: The sandbox is not in sync with the Podfile.lock. Run 'pod install' or update your CocoaPods installation.\" >&2\n    exit 1\nfi\n# This output is used by Xcode 'outputs' to avoid re-running this script phase.\necho \"SUCCESS\" > \"${SCRIPT_OUTPUT_FILE_0}\"\n";
			showEnvVarsInLog = 0;
		};
		9CF0C751DEE3EDEF12140B99 /* [CP] Copy Pods Resources */ = {
			isa = PBXShellScriptBuildPhase;
			buildActionMask = 2147483647;
			files = (
			);
			inputPaths = (
			);
			name = "[CP] Copy Pods Resources";
			outputPaths = (
			);
			runOnlyForDeploymentPostprocessing = 0;
			shellPath = /bin/sh;
			shellScript = "\"${SRCROOT}/Pods/Target Support Files/Pods-PassThroughWindow/Pods-PassThroughWindow-resources.sh\"\n";
			showEnvVarsInLog = 0;
		};
/* End PBXShellScriptBuildPhase section */

/* Begin PBXSourcesBuildPhase section */
		7CE61B241F843DED00FBC6C7 /* Sources */ = {
			isa = PBXSourcesBuildPhase;
			buildActionMask = 2147483647;
			files = (
				7CE61B2E1F843DED00FBC6C7 /* ViewController.swift in Sources */,
				7CE61B2C1F843DED00FBC6C7 /* AppDelegate.swift in Sources */,
				7CE61B3E1F84435700FBC6C7 /* FABViewController.swift in Sources */,
			);
			runOnlyForDeploymentPostprocessing = 0;
		};
/* End PBXSourcesBuildPhase section */

/* Begin PBXVariantGroup section */
		7CE61B2F1F843DED00FBC6C7 /* Main.storyboard */ = {
			isa = PBXVariantGroup;
			children = (
				7CE61B301F843DED00FBC6C7 /* Base */,
			);
			name = Main.storyboard;
			sourceTree = "<group>";
		};
		7CE61B341F843DED00FBC6C7 /* LaunchScreen.storyboard */ = {
			isa = PBXVariantGroup;
			children = (
				7CE61B351F843DED00FBC6C7 /* Base */,
			);
			name = LaunchScreen.storyboard;
			sourceTree = "<group>";
		};
/* End PBXVariantGroup section */

/* Begin XCBuildConfiguration section */
		7CE61B381F843DED00FBC6C7 /* Debug */ = {
			isa = XCBuildConfiguration;
			buildSettings = {
				ALWAYS_SEARCH_USER_PATHS = NO;
				CLANG_ANALYZER_NONNULL = YES;
				CLANG_ANALYZER_NUMBER_OBJECT_CONVERSION = YES_AGGRESSIVE;
				CLANG_CXX_LANGUAGE_STANDARD = "gnu++14";
				CLANG_CXX_LIBRARY = "libc++";
				CLANG_ENABLE_MODULES = YES;
				CLANG_ENABLE_OBJC_ARC = YES;
				CLANG_WARN_BLOCK_CAPTURE_AUTORELEASING = YES;
				CLANG_WARN_BOOL_CONVERSION = YES;
				CLANG_WARN_COMMA = YES;
				CLANG_WARN_CONSTANT_CONVERSION = YES;
				CLANG_WARN_DIRECT_OBJC_ISA_USAGE = YES_ERROR;
				CLANG_WARN_DOCUMENTATION_COMMENTS = YES;
				CLANG_WARN_EMPTY_BODY = YES;
				CLANG_WARN_ENUM_CONVERSION = YES;
				CLANG_WARN_INFINITE_RECURSION = YES;
				CLANG_WARN_INT_CONVERSION = YES;
				CLANG_WARN_NON_LITERAL_NULL_CONVERSION = YES;
				CLANG_WARN_OBJC_LITERAL_CONVERSION = YES;
				CLANG_WARN_OBJC_ROOT_CLASS = YES_ERROR;
				CLANG_WARN_RANGE_LOOP_ANALYSIS = YES;
				CLANG_WARN_STRICT_PROTOTYPES = YES;
				CLANG_WARN_SUSPICIOUS_MOVE = YES;
				CLANG_WARN_UNGUARDED_AVAILABILITY = YES_AGGRESSIVE;
				CLANG_WARN_UNREACHABLE_CODE = YES;
				CLANG_WARN__DUPLICATE_METHOD_MATCH = YES;
				CODE_SIGN_IDENTITY = "iPhone Developer";
				COPY_PHASE_STRIP = NO;
				DEBUG_INFORMATION_FORMAT = dwarf;
				ENABLE_STRICT_OBJC_MSGSEND = YES;
				ENABLE_TESTABILITY = YES;
				GCC_C_LANGUAGE_STANDARD = gnu11;
				GCC_DYNAMIC_NO_PIC = NO;
				GCC_NO_COMMON_BLOCKS = YES;
				GCC_OPTIMIZATION_LEVEL = 0;
				GCC_PREPROCESSOR_DEFINITIONS = (
					"DEBUG=1",
					"$(inherited)",
				);
				GCC_WARN_64_TO_32_BIT_CONVERSION = YES;
				GCC_WARN_ABOUT_RETURN_TYPE = YES_ERROR;
				GCC_WARN_UNDECLARED_SELECTOR = YES;
				GCC_WARN_UNINITIALIZED_AUTOS = YES_AGGRESSIVE;
				GCC_WARN_UNUSED_FUNCTION = YES;
				GCC_WARN_UNUSED_VARIABLE = YES;
				IPHONEOS_DEPLOYMENT_TARGET = 11.0;
				MTL_ENABLE_DEBUG_INFO = YES;
				ONLY_ACTIVE_ARCH = YES;
				SDKROOT = iphoneos;
				SWIFT_ACTIVE_COMPILATION_CONDITIONS = DEBUG;
				SWIFT_OPTIMIZATION_LEVEL = "-Onone";
			};
			name = Debug;
		};
		7CE61B391F843DED00FBC6C7 /* Release */ = {
			isa = XCBuildConfiguration;
			buildSettings = {
				ALWAYS_SEARCH_USER_PATHS = NO;
				CLANG_ANALYZER_NONNULL = YES;
				CLANG_ANALYZER_NUMBER_OBJECT_CONVERSION = YES_AGGRESSIVE;
				CLANG_CXX_LANGUAGE_STANDARD = "gnu++14";
				CLANG_CXX_LIBRARY = "libc++";
				CLANG_ENABLE_MODULES = YES;
				CLANG_ENABLE_OBJC_ARC = YES;
				CLANG_WARN_BLOCK_CAPTURE_AUTORELEASING = YES;
				CLANG_WARN_BOOL_CONVERSION = YES;
				CLANG_WARN_COMMA = YES;
				CLANG_WARN_CONSTANT_CONVERSION = YES;
				CLANG_WARN_DIRECT_OBJC_ISA_USAGE = YES_ERROR;
				CLANG_WARN_DOCUMENTATION_COMMENTS = YES;
				CLANG_WARN_EMPTY_BODY = YES;
				CLANG_WARN_ENUM_CONVERSION = YES;
				CLANG_WARN_INFINITE_RECURSION = YES;
				CLANG_WARN_INT_CONVERSION = YES;
				CLANG_WARN_NON_LITERAL_NULL_CONVERSION = YES;
				CLANG_WARN_OBJC_LITERAL_CONVERSION = YES;
				CLANG_WARN_OBJC_ROOT_CLASS = YES_ERROR;
				CLANG_WARN_RANGE_LOOP_ANALYSIS = YES;
				CLANG_WARN_STRICT_PROTOTYPES = YES;
				CLANG_WARN_SUSPICIOUS_MOVE = YES;
				CLANG_WARN_UNGUARDED_AVAILABILITY = YES_AGGRESSIVE;
				CLANG_WARN_UNREACHABLE_CODE = YES;
				CLANG_WARN__DUPLICATE_METHOD_MATCH = YES;
				CODE_SIGN_IDENTITY = "iPhone Developer";
				COPY_PHASE_STRIP = NO;
				DEBUG_INFORMATION_FORMAT = "dwarf-with-dsym";
				ENABLE_NS_ASSERTIONS = NO;
				ENABLE_STRICT_OBJC_MSGSEND = YES;
				GCC_C_LANGUAGE_STANDARD = gnu11;
				GCC_NO_COMMON_BLOCKS = YES;
				GCC_WARN_64_TO_32_BIT_CONVERSION = YES;
				GCC_WARN_ABOUT_RETURN_TYPE = YES_ERROR;
				GCC_WARN_UNDECLARED_SELECTOR = YES;
				GCC_WARN_UNINITIALIZED_AUTOS = YES_AGGRESSIVE;
				GCC_WARN_UNUSED_FUNCTION = YES;
				GCC_WARN_UNUSED_VARIABLE = YES;
				IPHONEOS_DEPLOYMENT_TARGET = 11.0;
				MTL_ENABLE_DEBUG_INFO = NO;
				SDKROOT = iphoneos;
				SWIFT_OPTIMIZATION_LEVEL = "-Owholemodule";
				VALIDATE_PRODUCT = YES;
			};
			name = Release;
		};
		7CE61B3B1F843DED00FBC6C7 /* Debug */ = {
			isa = XCBuildConfiguration;
			baseConfigurationReference = 305C219060E3753DAC2CF88C /* Pods-PassThroughWindow.debug.xcconfig */;
			buildSettings = {
				ASSETCATALOG_COMPILER_APPICON_NAME = AppIcon;
				CODE_SIGN_STYLE = Automatic;
				INFOPLIST_FILE = PassThroughWindow/Info.plist;
				LD_RUNPATH_SEARCH_PATHS = "$(inherited) @executable_path/Frameworks";
				PRODUCT_BUNDLE_IDENTIFIER = com.swm.PassThroughWindow;
				PRODUCT_NAME = "$(TARGET_NAME)";
				SWIFT_VERSION = 4.0;
				TARGETED_DEVICE_FAMILY = "1,2";
			};
			name = Debug;
		};
		7CE61B3C1F843DED00FBC6C7 /* Release */ = {
			isa = XCBuildConfiguration;
			baseConfigurationReference = 54089A0DE7361F0EB0D10ED4 /* Pods-PassThroughWindow.release.xcconfig */;
			buildSettings = {
				ASSETCATALOG_COMPILER_APPICON_NAME = AppIcon;
				CODE_SIGN_STYLE = Automatic;
				INFOPLIST_FILE = PassThroughWindow/Info.plist;
				LD_RUNPATH_SEARCH_PATHS = "$(inherited) @executable_path/Frameworks";
				PRODUCT_BUNDLE_IDENTIFIER = com.swm.PassThroughWindow;
				PRODUCT_NAME = "$(TARGET_NAME)";
				SWIFT_VERSION = 4.0;
				TARGETED_DEVICE_FAMILY = "1,2";
			};
			name = Release;
		};
/* End XCBuildConfiguration section */

/* Begin XCConfigurationList section */
		7CE61B231F843DED00FBC6C7 /* Build configuration list for PBXProject "PassThroughWindow" */ = {
			isa = XCConfigurationList;
			buildConfigurations = (
				7CE61B381F843DED00FBC6C7 /* Debug */,
				7CE61B391F843DED00FBC6C7 /* Release */,
			);
			defaultConfigurationIsVisible = 0;
			defaultConfigurationName = Release;
		};
		7CE61B3A1F843DED00FBC6C7 /* Build configuration list for PBXNativeTarget "PassThroughWindow" */ = {
			isa = XCConfigurationList;
			buildConfigurations = (
				7CE61B3B1F843DED00FBC6C7 /* Debug */,
				7CE61B3C1F843DED00FBC6C7 /* Release */,
			);
			defaultConfigurationIsVisible = 0;
			defaultConfigurationName = Release;
		};
/* End XCConfigurationList section */
	};
	rootObject = 7CE61B201F843DED00FBC6C7 /* Project object */;
}
